
Microsoft Visual Studio Solution File, Format Version 12.00
# Visual Studio Version 17
VisualStudioVersion = 17.7.34031.279
MinimumVisualStudioVersion = 10.0.40219.1
Project("{FAE04EC0-301F-11D3-BF4B-00C04F79EFBC}") = "ApiCatalogo", "ApiCatalogo\ApiCatalogo.csproj", "{170D83DE-F833-45EA-9717-BF7AC51D4D21}"
EndProject
Global
	GlobalSection(SolutionConfigurationPlatforms) = preSolution
		Debug|Any CPU = Debug|Any CPU
		Release|Any CPU = Release|Any CPU
	EndGlobalSection
	GlobalSection(ProjectConfigurationPlatforms) = postSolution
		{170D83DE-F833-45EA-9717-BF7AC51D4D21}.Debug|Any CPU.ActiveCfg = Debug|Any CPU
		{170D83DE-F833-45EA-9717-BF7AC51D4D21}.Debug|Any CPU.Build.0 = Debug|Any CPU
		{170D83DE-F833-45EA-9717-BF7AC51D4D21}.Release|Any CPU.ActiveCfg = Release|Any CPU
		{170D83DE-F833-45EA-9717-BF7AC51D4D21}.Release|Any CPU.Build.0 = Release|Any CPU
	EndGlobalSection
	GlobalSection(SolutionProperties) = preSolution
		HideSolutionNode = FALSE
	EndGlobalSection
	GlobalSection(ExtensibilityGlobals) = postSolution
		SolutionGuid = {07840C22-25D8-4EAC-BC94-F0BE1E292F6D}
	EndGlobalSection
EndGlobal
